// !$*UTF8*$!
{
	archiveVersion = 1;
	classes = {
	};
	objectVersion = 46;
	objects = {

/* Begin PBXBuildFile section */
		5D5E96A01C16AE070040E3A2 /* main.m in Sources */ = {isa = PBXBuildFile; fileRef = 5D5E969F1C16AE070040E3A2 /* main.m */; };
		5D5E96A31C16AE070040E3A2 /* AppDelegate.m in Sources */ = {isa = PBXBuildFile; fileRef = 5D5E96A21C16AE070040E3A2 /* AppDelegate.m */; };
		5D5E96A61C16AE070040E3A2 /* ViewController.m in Sources */ = {isa = PBXBuildFile; fileRef = 5D5E96A51C16AE070040E3A2 /* ViewController.m */; };
		5D5E96A91C16AE070040E3A2 /* Main.storyboard in Resources */ = {isa = PBXBuildFile; fileRef = 5D5E96A71C16AE070040E3A2 /* Main.storyboard */; };
		5D5E96AB1C16AE070040E3A2 /* Assets.xcassets in Resources */ = {isa = PBXBuildFile; fileRef = 5D5E96AA1C16AE070040E3A2 /* Assets.xcassets */; };
		5D5E96AE1C16AE070040E3A2 /* LaunchScreen.storyboard in Resources */ = {isa = PBXBuildFile; fileRef = 5D5E96AC1C16AE070040E3A2 /* LaunchScreen.storyboard */; };
		D64FE6951C16B2CC009815FD /* Bolts.framework in Frameworks */ = {isa = PBXBuildFile; fileRef = D64FE6931C16B2CC009815FD /* Bolts.framework */; };
		D64FE6961C16B2CC009815FD /* Parse.framework in Frameworks */ = {isa = PBXBuildFile; fileRef = D64FE6941C16B2CC009815FD /* Parse.framework */; };
/* End PBXBuildFile section */

/* Begin PBXFileReference section */
		5D5E969B1C16AE070040E3A2 /* diarylocation.app */ = {isa = PBXFileReference; explicitFileType = wrapper.application; includeInIndex = 0; path = diarylocation.app; sourceTree = BUILT_PRODUCTS_DIR; };
		5D5E969F1C16AE070040E3A2 /* main.m */ = {isa = PBXFileReference; lastKnownFileType = sourcecode.c.objc; path = main.m; sourceTree = "<group>"; };
		5D5E96A11C16AE070040E3A2 /* AppDelegate.h */ = {isa = PBXFileReference; lastKnownFileType = sourcecode.c.h; path = AppDelegate.h; sourceTree = "<group>"; };
		5D5E96A21C16AE070040E3A2 /* AppDelegate.m */ = {isa = PBXFileReference; lastKnownFileType = sourcecode.c.objc; path = AppDelegate.m; sourceTree = "<group>"; };
		5D5E96A41C16AE070040E3A2 /* ViewController.h */ = {isa = PBXFileReference; lastKnownFileType = sourcecode.c.h; path = ViewController.h; sourceTree = "<group>"; };
		5D5E96A51C16AE070040E3A2 /* ViewController.m */ = {isa = PBXFileReference; lastKnownFileType = sourcecode.c.objc; path = ViewController.m; sourceTree = "<group>"; };
		5D5E96A81C16AE070040E3A2 /* Base */ = {isa = PBXFileReference; lastKnownFileType = file.storyboard; name = Base; path = Base.lproj/Main.storyboard; sourceTree = "<group>"; };
		5D5E96AA1C16AE070040E3A2 /* Assets.xcassets */ = {isa = PBXFileReference; lastKnownFileType = folder.assetcatalog; path = Assets.xcassets; sourceTree = "<group>"; };
		5D5E96AD1C16AE070040E3A2 /* Base */ = {isa = PBXFileReference; lastKnownFileType = file.storyboard; name = Base; path = Base.lproj/LaunchScreen.storyboard; sourceTree = "<group>"; };
		5D5E96AF1C16AE070040E3A2 /* Info.plist */ = {isa = PBXFileReference; lastKnownFileType = text.plist.xml; path = Info.plist; sourceTree = "<group>"; };
		D64FE6931C16B2CC009815FD /* Bolts.framework */ = {isa = PBXFileReference; lastKnownFileType = wrapper.framework; path = Bolts.framework; sourceTree = "<group>"; };
		D64FE6941C16B2CC009815FD /* Parse.framework */ = {isa = PBXFileReference; lastKnownFileType = wrapper.framework; path = Parse.framework; sourceTree = "<group>"; };
/* End PBXFileReference section */

/* Begin PBXFrameworksBuildPhase section */
		5D5E96981C16AE070040E3A2 /* Frameworks */ = {
			isa = PBXFrameworksBuildPhase;
			buildActionMask = 2147483647;
			files = (
				D64FE6951C16B2CC009815FD /* Bolts.framework in Frameworks */,
				D64FE6961C16B2CC009815FD /* Parse.framework in Frameworks */,
			);
			runOnlyForDeploymentPostprocessing = 0;
		};
/* End PBXFrameworksBuildPhase section */

/* Begin PBXGroup section */
		5D5E96921C16AE070040E3A2 = {
			isa = PBXGroup;
			children = (
				5D5E969D1C16AE070040E3A2 /* diarylocation */,
				5D5E969C1C16AE070040E3A2 /* Products */,
				D64FE6971C16B2E2009815FD /* Frameworks */,
			);
			sourceTree = "<group>";
		};
		5D5E969C1C16AE070040E3A2 /* Products */ = {
			isa = PBXGroup;
			children = (
				5D5E969B1C16AE070040E3A2 /* diarylocation.app */,
			);
			name = Products;
			sourceTree = "<group>";
		};
		5D5E969D1C16AE070040E3A2 /* diarylocation */ = {
			isa = PBXGroup;
			children = (
				5D5E96A11C16AE070040E3A2 /* AppDelegate.h */,
				5D5E96A21C16AE070040E3A2 /* AppDelegate.m */,
				5D5E96A41C16AE070040E3A2 /* ViewController.h */,
				5D5E96A51C16AE070040E3A2 /* ViewController.m */,
				5D5E96A71C16AE070040E3A2 /* Main.storyboard */,
				5D5E96AA1C16AE070040E3A2 /* Assets.xcassets */,
				5D5E96AC1C16AE070040E3A2 /* LaunchScreen.storyboard */,
				5D5E96AF1C16AE070040E3A2 /* Info.plist */,
				5D5E969E1C16AE070040E3A2 /* Supporting Files */,
			);
			path = diarylocation;
			sourceTree = "<group>";
		};
		5D5E969E1C16AE070040E3A2 /* Supporting Files */ = {
			isa = PBXGroup;
			children = (
				5D5E969F1C16AE070040E3A2 /* main.m */,
			);
			name = "Supporting Files";
			sourceTree = "<group>";
		};
		D64FE6971C16B2E2009815FD /* Frameworks */ = {
			isa = PBXGroup;
			children = (
				D64FE6931C16B2CC009815FD /* Bolts.framework */,
				D64FE6941C16B2CC009815FD /* Parse.framework */,
			);
			name = Frameworks;
			sourceTree = "<group>";
		};
/* End PBXGroup section */

/* Begin PBXNativeTarget section */
		5D5E969A1C16AE070040E3A2 /* diarylocation */ = {
			isa = PBXNativeTarget;
			buildConfigurationList = 5D5E96B21C16AE070040E3A2 /* Build configuration list for PBXNativeTarget "diarylocation" */;
			buildPhases = (
				5D5E96971C16AE070040E3A2 /* Sources */,
				5D5E96981C16AE070040E3A2 /* Frameworks */,
				5D5E96991C16AE070040E3A2 /* Resources */,
			);
			buildRules = (
			);
			dependencies = (
			);
			name = diarylocation;
			productName = diarylocation;
			productReference = 5D5E969B1C16AE070040E3A2 /* diarylocation.app */;
			productType = "com.apple.product-type.application";
		};
/* End PBXNativeTarget section */

/* Begin PBXProject section */
		5D5E96931C16AE070040E3A2 /* Project object */ = {
			isa = PBXProject;
			attributes = {
				LastUpgradeCheck = 0710;
				ORGANIZATIONNAME = "Trithep Ratanapipop";
				TargetAttributes = {
					5D5E969A1C16AE070040E3A2 = {
						CreatedOnToolsVersion = 7.1;
					};
				};
			};
			buildConfigurationList = 5D5E96961C16AE070040E3A2 /* Build configuration list for PBXProject "diarylocation" */;
			compatibilityVersion = "Xcode 3.2";
			developmentRegion = English;
			hasScannedForEncodings = 0;
			knownRegions = (
				en,
				Base,
			);
			mainGroup = 5D5E96921C16AE070040E3A2;
			productRefGroup = 5D5E969C1C16AE070040E3A2 /* Products */;
			projectDirPath = "";
			projectRoot = "";
			targets = (
				5D5E969A1C16AE070040E3A2 /* diarylocation */,
			);
		};
/* End PBXProject section */

/* Begin PBXResourcesBuildPhase section */
		5D5E96991C16AE070040E3A2 /* Resources */ = {
			isa = PBXResourcesBuildPhase;
			buildActionMask = 2147483647;
			files = (
				5D5E96AE1C16AE070040E3A2 /* LaunchScreen.storyboard in Resources */,
				5D5E96AB1C16AE070040E3A2 /* Assets.xcassets in Resources */,
				5D5E96A91C16AE070040E3A2 /* Main.storyboard in Resources */,
			);
			runOnlyForDeploymentPostprocessing = 0;
		};
/* End PBXResourcesBuildPhase section */

/* Begin PBXSourcesBuildPhase section */
		5D5E96971C16AE070040E3A2 /* Sources */ = {
			isa = PBXSourcesBuildPhase;
			buildActionMask = 2147483647;
			files = (
				5D5E96A61C16AE070040E3A2 /* ViewController.m in Sources */,
				5D5E96A31C16AE070040E3A2 /* AppDelegate.m in Sources */,
				5D5E96A01C16AE070040E3A2 /* main.m in Sources */,
			);
			runOnlyForDeploymentPostprocessing = 0;
		};
/* End PBXSourcesBuildPhase section */

/* Begin PBXVariantGroup section */
		5D5E96A71C16AE070040E3A2 /* Main.storyboard */ = {
			isa = PBXVariantGroup;
			children = (
				5D5E96A81C16AE070040E3A2 /* Base */,
			);
			name = Main.storyboard;
			sourceTree = "<group>";
		};
		5D5E96AC1C16AE070040E3A2 /* LaunchScreen.storyboard */ = {
			isa = PBXVariantGroup;
			children = (
				5D5E96AD1C16AE070040E3A2 /* Base */,
			);
			name = LaunchScreen.storyboard;
			sourceTree = "<group>";
		};
/* End PBXVariantGroup section */

/* Begin XCBuildConfiguration section */
		5D5E96B01C16AE070040E3A2 /* Debug */ = {
			isa = XCBuildConfiguration;
			buildSettings = {
				ALWAYS_SEARCH_USER_PATHS = NO;
				CLANG_CXX_LANGUAGE_STANDARD = "gnu++0x";
				CLANG_CXX_LIBRARY = "libc++";
				CLANG_ENABLE_MODULES = YES;
				CLANG_ENABLE_OBJC_ARC = YES;
				CLANG_WARN_BOOL_CONVERSION = YES;
				CLANG_WARN_CONSTANT_CONVERSION = YES;
				CLANG_WARN_DIRECT_OBJC_ISA_USAGE = YES_ERROR;
				CLANG_WARN_EMPTY_BODY = YES;
				CLANG_WARN_ENUM_CONVERSION = YES;
				CLANG_WARN_INT_CONVERSION = YES;
				CLANG_WARN_OBJC_ROOT_CLASS = YES_ERROR;
				CLANG_WARN_UNREACHABLE_CODE = YES;
				CLANG_WARN__DUPLICATE_METHOD_MATCH = YES;
				"CODE_SIGN_IDENTITY[sdk=iphoneos*]" = "iPhone Developer";
				COPY_PHASE_STRIP = NO;
				DEBUG_INFORMATION_FORMAT = dwarf;
				ENABLE_STRICT_OBJC_MSGSEND = YES;
				ENABLE_TESTABILITY = YES;
				GCC_C_LANGUAGE_STANDARD = gnu99;
				GCC_DYNAMIC_NO_PIC = NO;
				GCC_NO_COMMON_BLOCKS = YES;
				GCC_OPTIMIZATION_LEVEL = 0;
				GCC_PREPROCESSOR_DEFINITIONS = (
					"DEBUG=1",
					"$(inherited)",
				);
				GCC_WARN_64_TO_32_BIT_CONVERSION = YES;
				GCC_WARN_ABOUT_RETURN_TYPE = YES_ERROR;
				GCC_WARN_UNDECLARED_SELECTOR = YES;
				GCC_WARN_UNINITIALIZED_AUTOS = YES_AGGRESSIVE;
				GCC_WARN_UNUSED_FUNCTION = YES;
				GCC_WARN_UNUSED_VARIABLE = YES;
				IPHONEOS_DEPLOYMENT_TARGET = 9.1;
				MTL_ENABLE_DEBUG_INFO = YES;
				ONLY_ACTIVE_ARCH = YES;
				SDKROOT = iphoneos;
				TARGETED_DEVICE_FAMILY = "1,2";
			};
			name = Debug;
		};
		5D5E96B11C16AE070040E3A2 /* Release */ = {
			isa = XCBuildConfiguration;
			buildSettings = {
				ALWAYS_SEARCH_USER_PATHS = NO;
				CLANG_CXX_LANGUAGE_STANDARD = "gnu++0x";
				CLANG_CXX_LIBRARY = "libc++";
				CLANG_ENABLE_MODULES = YES;
				CLANG_ENABLE_OBJC_ARC = YES;
				CLANG_WARN_BOOL_CONVERSION = YES;
				CLANG_WARN_CONSTANT_CONVERSION = YES;
				CLANG_WARN_DIRECT_OBJC_ISA_USAGE = YES_ERROR;
				CLANG_WARN_EMPTY_BODY = YES;
				CLANG_WARN_ENUM_CONVERSION = YES;
				CLANG_WARN_INT_CONVERSION = YES;
				CLANG_WARN_OBJC_ROOT_CLASS = YES_ERROR;
				CLANG_WARN_UNREACHABLE_CODE = YES;
				CLANG_WARN__DUPLICATE_METHOD_MATCH = YES;
				"CODE_SIGN_IDENTITY[sdk=iphoneos*]" = "iPhone Developer";
				COPY_PHASE_STRIP = NO;
				DEBUG_INFORMATION_FORMAT = "dwarf-with-dsym";
				ENABLE_NS_ASSERTIONS = NO;
				ENABLE_STRICT_OBJC_MSGSEND = YES;
				GCC_C_LANGUAGE_STANDARD = gnu99;
				GCC_NO_COMMON_BLOCKS = YES;
				GCC_WARN_64_TO_32_BIT_CONVERSION = YES;
				GCC_WARN_ABOUT_RETURN_TYPE = YES_ERROR;
				GCC_WARN_UNDECLARED_SELECTOR = YES;
				GCC_WARN_UNINITIALIZED_AUTOS = YES_AGGRESSIVE;
				GCC_WARN_UNUSED_FUNCTION = YES;
				GCC_WARN_UNUSED_VARIABLE = YES;
				IPHONEOS_DEPLOYMENT_TARGET = 9.1;
				MTL_ENABLE_DEBUG_INFO = NO;
				SDKROOT = iphoneos;
				TARGETED_DEVICE_FAMILY = "1,2";
				VALIDATE_PRODUCT = YES;
			};
			name = Release;
		};
		5D5E96B31C16AE070040E3A2 /* Debug */ = {
			isa = XCBuildConfiguration;
			buildSettings = {
				ASSETCATALOG_COMPILER_APPICON_NAME = AppIcon;
				FRAMEWORK_SEARCH_PATHS = (
					"$(inherited)",
					"$(PROJECT_DIR)",
				);
				INFOPLIST_FILE = diarylocation/Info.plist;
				LD_RUNPATH_SEARCH_PATHS = "$(inherited) @executable_path/Frameworks";
				PRODUCT_BUNDLE_IDENTIFIER = th.ac.kmitl.it.diarylocation;
				PRODUCT_NAME = "$(TARGET_NAME)";
			};
			name = Debug;
		};
		5D5E96B41C16AE070040E3A2 /* Release */ = {
			isa = XCBuildConfiguration;
			buildSettings = {
				ASSETCATALOG_COMPILER_APPICON_NAME = AppIcon;
				FRAMEWORK_SEARCH_PATHS = (
					"$(inherited)",
					"$(PROJECT_DIR)",
				);
				INFOPLIST_FILE = diarylocation/Info.plist;
				LD_RUNPATH_SEARCH_PATHS = "$(inherited) @executable_path/Frameworks";
				PRODUCT_BUNDLE_IDENTIFIER = th.ac.kmitl.it.diarylocation;
				PRODUCT_NAME = "$(TARGET_NAME)";
			};
			name = Release;
		};
/* End XCBuildConfiguration section */

/* Begin XCConfigurationList section */
		5D5E96961C16AE070040E3A2 /* Build configuration list for PBXProject "diarylocation" */ = {
			isa = XCConfigurationList;
			buildConfigurations = (
				5D5E96B01C16AE070040E3A2 /* Debug */,
				5D5E96B11C16AE070040E3A2 /* Release */,
			);
			defaultConfigurationIsVisible = 0;
			defaultConfigurationName = Release;
		};
		5D5E96B21C16AE070040E3A2 /* Build configuration list for PBXNativeTarget "diarylocation" */ = {
			isa = XCConfigurationList;
			buildConfigurations = (
				5D5E96B31C16AE070040E3A2 /* Debug */,
				5D5E96B41C16AE070040E3A2 /* Release */,
			);
			defaultConfigurationIsVisible = 0;
			defaultConfigurationName = Release;
		};
/* End XCConfigurationList section */
	};
	rootObject = 5D5E96931C16AE070040E3A2 /* Project object */;
}
